{
  "name": "pingpong-multiplayer-nodejs",
  "version": "0.0.0",
  "lockfileVersion": 1,
  "requires": true,
  "dependencies": {
    "gameupdate-loop": {
      "version": "1.0.1",
      "resolved": "https://registry.npmjs.org/gameupdate-loop/-/gameupdate-loop-1.0.1.tgz",
      "integrity": "sha512-hImibzLCUcX4l2z926N32sy8ct8c34nwCHyL6NxHUYy9Wgo2tevKgx+141Igw2ALySrt+HykUYy/tUYeUbMTjg=="
    },
    "nanoid": {
      "version": "2.0.1",
      "resolved": "https://registry.npmjs.org/nanoid/-/nanoid-2.0.1.tgz",
      "integrity": "sha512-k1u2uemjIGsn25zmujKnotgniC/gxQ9sdegdezeDiKdkDW56THUMqlz3urndKCXJxA6yPzSZbXx/QCMe/pxqsA=="
    },
    "node-gameloop": {
      "version": "0.1.4",
      "resolved": "https://registry.npmjs.org/node-gameloop/-/node-gameloop-0.1.4.tgz",
      "integrity": "sha1-nol9hzs7TaWcCwe7kZBZlhwb4og="
    },
    "planck-js": {
      "version": "0.3.5",
      "resolved": "https://registry.npmjs.org/planck-js/-/planck-js-0.3.5.tgz",
      "integrity": "sha512-AlSFmuC9ZkZX9s7PnticfB96vqDL21DSZkyzpAxK764Tj8wqlsUEBMA6PJ93JNkppVei8iPj+TwX5fvYAzh7Gw=="
    },
    "shortid": {
      "version": "2.2.14",
      "resolved": "https://registry.npmjs.org/shortid/-/shortid-2.2.14.tgz",
      "integrity": "sha512-4UnZgr9gDdA1kaKj/38IiudfC3KHKhDc1zi/HSxd9FQDR0VLwH3/y79tZJLsVYPsJgIjeHjqIWaWVRJUj9qZOQ==",
      "requires": {
        "nanoid": "^2.0.0"
      }
    }
  }
}
